
Microsoft Visual Studio Solution File, Format Version 12.00
# Visual Studio 15
Project("{FAE04EC0-301F-11D3-BF4B-00C04F79EFBC}") = "CGtkTable", "CGtkTable\CGtkTable.csproj", "{79824ED0-A4E6-45B3-9132-1FD8F8DD52C8}"
EndProject
Global
	GlobalSection(SolutionConfigurationPlatforms) = preSolution
		Debug|x86 = Debug|x86
		Release|x86 = Release|x86
	EndGlobalSection
	GlobalSection(ProjectConfigurationPlatforms) = postSolution
		{79824ED0-A4E6-45B3-9132-1FD8F8DD52C8}.Debug|x86.ActiveCfg = Debug|x86
		{79824ED0-A4E6-45B3-9132-1FD8F8DD52C8}.Debug|x86.Build.0 = Debug|x86
		{79824ED0-A4E6-45B3-9132-1FD8F8DD52C8}.Release|x86.ActiveCfg = Release|x86
		{79824ED0-A4E6-45B3-9132-1FD8F8DD52C8}.Release|x86.Build.0 = Release|x86
	EndGlobalSection
EndGlobal
